Microsoft Visual Studio Solution File, Format Version 8.00
Project("{8BC9CEB8-8B4A-11D0-8D11-00A0C91BC942}") = "GzzkSmsDll", "GzzkSmsdll.vcproj", "{63137983-461E-4220-82B0-557C95996A28}"
	ProjectSection(ProjectDependencies) = postProject
	EndProjectSection
EndProject
Global
	GlobalSection(SolutionConfiguration) = preSolution
		Debug = Debug
		Release = Release
	EndGlobalSection
	GlobalSection(ProjectConfiguration) = postSolution
		{63137983-461E-4220-82B0-557C95996A28}.Debug.ActiveCfg = Debug|Win32
		{63137983-461E-4220-82B0-557C95996A28}.Debug.Build.0 = Debug|Win32
		{63137983-461E-4220-82B0-557C95996A28}.Release.ActiveCfg = Release|Win32
		{63137983-461E-4220-82B0-557C95996A28}.Release.Build.0 = Release|Win32
	EndGlobalSection
	GlobalSection(ExtensibilityGlobals) = postSolution
	EndGlobalSection
	GlobalSection(ExtensibilityAddIns) = postSolution
	EndGlobalSection
EndGlobal
